
Microsoft Visual Studio Solution File, Format Version 12.00
# Visual Studio Version 16
VisualStudioVersion = 16.0.32002.261
MinimumVisualStudioVersion = 10.0.40219.1
Project("{9A19103F-16F7-4668-BE54-9A1E7A4F7556}") = "CreativeTim.Argon.DotNetCore.Free", "CreativeTim.Argon.DotNetCore.Free.csproj", "{180AD231-42F8-4019-8923-7EB6BC136528}"
EndProject
Global
	GlobalSection(SolutionConfigurationPlatforms) = preSolution
		Debug|Any CPU = Debug|Any CPU
		Release|Any CPU = Release|Any CPU
	EndGlobalSection
	GlobalSection(ProjectConfigurationPlatforms) = postSolution
		{180AD231-42F8-4019-8923-7EB6BC136528}.Debug|Any CPU.ActiveCfg = Debug|Any CPU
		{180AD231-42F8-4019-8923-7EB6BC136528}.Debug|Any CPU.Build.0 = Debug|Any CPU
		{180AD231-42F8-4019-8923-7EB6BC136528}.Release|Any CPU.ActiveCfg = Release|Any CPU
		{180AD231-42F8-4019-8923-7EB6BC136528}.Release|Any CPU.Build.0 = Release|Any CPU
	EndGlobalSection
	GlobalSection(SolutionProperties) = preSolution
		HideSolutionNode = FALSE
	EndGlobalSection
	GlobalSection(ExtensibilityGlobals) = postSolution
		SolutionGuid = {8526C057-517B-4D3A-A0B8-92BE442A74EC}
	EndGlobalSection
EndGlobal
